
Microsoft Visual Studio Solution File, Format Version 12.00
# Visual Studio Version 17
VisualStudioVersion = 17.6.33801.468
MinimumVisualStudioVersion = 10.0.40219.1
Project("{9A19103F-16F7-4668-BE54-9A1E7A4F7556}") = "Translate on Flight", "Translate on fly\Translate on Flight.csproj", "{4BF66672-3507-4E3C-9CB5-A0556A4117E4}"
EndProject
Project("{54435603-DBB4-11D2-8724-00A0C9A8B90C}") = "Translate on Flight Setup", "Translate on Flight Setup\Translate on Flight Setup.vdproj", "{A408AD11-2FDD-4132-869C-A29175C46A5D}"
EndProject
Global
	GlobalSection(SolutionConfigurationPlatforms) = preSolution
		Debug|Any CPU = Debug|Any CPU
		Release|Any CPU = Release|Any CPU
	EndGlobalSection
	GlobalSection(ProjectConfigurationPlatforms) = postSolution
		{4BF66672-3507-4E3C-9CB5-A0556A4117E4}.Debug|Any CPU.ActiveCfg = Debug|Any CPU
		{4BF66672-3507-4E3C-9CB5-A0556A4117E4}.Debug|Any CPU.Build.0 = Debug|Any CPU
		{4BF66672-3507-4E3C-9CB5-A0556A4117E4}.Release|Any CPU.ActiveCfg = Release|Any CPU
		{4BF66672-3507-4E3C-9CB5-A0556A4117E4}.Release|Any CPU.Build.0 = Release|Any CPU
		{A408AD11-2FDD-4132-869C-A29175C46A5D}.Debug|Any CPU.ActiveCfg = Debug
		{A408AD11-2FDD-4132-869C-A29175C46A5D}.Release|Any CPU.ActiveCfg = Release
	EndGlobalSection
	GlobalSection(SolutionProperties) = preSolution
		HideSolutionNode = FALSE
	EndGlobalSection
	GlobalSection(ExtensibilityGlobals) = postSolution
		SolutionGuid = {49A6B052-A5E3-44A1-B56E-C4199D00CF53}
	EndGlobalSection
EndGlobal
